# generated by rye
# use `rye lock` or `rye sync` to update this lockfile
#
# last locked with the following flags:
#   pre: false
#   features: []
#   all-features: false
#   with-sources: false
#   generate-hashes: false

-e file:.
cachetools==5.3.3
    # via tox
chardet==5.2.0
    # via tox
click==8.1.7
    # via typer
colorama==0.4.6
    # via tox
coverage==7.5.3
    # via pytest-cov
distlib==0.3.8
    # via virtualenv
filelock==3.14.0
    # via tox
    # via virtualenv
iniconfig==2.0.0
    # via pytest
markdown-it-py==3.0.0
    # via rich
mdurl==0.1.2
    # via markdown-it-py
mypy==1.10.0
mypy-extensions==1.0.0
    # via mypy
packaging==24.0
    # via pyproject-api
    # via pytest
    # via tox
platformdirs==4.2.2
    # via tox
    # via virtualenv
pluggy==1.5.0
    # via pytest
    # via tox
pygments==2.18.0
    # via rich
pyproject-api==1.6.1
    # via tox
pytest==8.2.1
    # via pytest-cov
pytest-cov==5.0.0
rich==13.6.0
    # via cards
ruff==0.4.7
tinydb==4.8.0
    # via cards
tox==4.15.0
typer==0.9.0
    # via cards
typing-extensions==4.12.0
    # via mypy
    # via typer
virtualenv==20.26.2
    # via tox
